
Microsoft Visual Studio Solution File, Format Version 12.00
# Visual Studio 2012
Project("{FAE04EC0-301F-11D3-BF4B-00C04F79EFBC}") = "FluentCecil", "src\FluentCecil\FluentCecil.csproj", "{33AE61B0-DF9C-4746-97C6-0DAC1831526B}"
EndProject
Project("{FAE04EC0-301F-11D3-BF4B-00C04F79EFBC}") = "FluentCecil.Tests", "src\FluentCecil.Tests\FluentCecil.Tests.csproj", "{59748A82-73AD-41FC-B76D-BD7FAD055ED1}"
EndProject
Project("{FAE04EC0-301F-11D3-BF4B-00C04F79EFBC}") = "FluentCecil.TestAssembly", "src\FluentCecil.TestAssembly\FluentCecil.TestAssembly.csproj", "{E95626AB-547F-4669-85C6-38FFEA65A009}"
EndProject
Project("{2150E333-8FDC-42A3-9474-1A3956D46DE8}") = ".nuget", ".nuget", "{A36470DD-7073-482F-9621-B33F5AA6A872}"
	ProjectSection(SolutionItems) = preProject
		.nuget\NuGet.Config = .nuget\NuGet.Config
		.nuget\NuGet.exe = .nuget\NuGet.exe
		.nuget\NuGet.targets = .nuget\NuGet.targets
	EndProjectSection
EndProject
Global
	GlobalSection(SolutionConfigurationPlatforms) = preSolution
		Debug|Any CPU = Debug|Any CPU
		Release|Any CPU = Release|Any CPU
	EndGlobalSection
	GlobalSection(ProjectConfigurationPlatforms) = postSolution
		{33AE61B0-DF9C-4746-97C6-0DAC1831526B}.Debug|Any CPU.ActiveCfg = Debug|Any CPU
		{33AE61B0-DF9C-4746-97C6-0DAC1831526B}.Debug|Any CPU.Build.0 = Debug|Any CPU
		{33AE61B0-DF9C-4746-97C6-0DAC1831526B}.Release|Any CPU.ActiveCfg = Release|Any CPU
		{33AE61B0-DF9C-4746-97C6-0DAC1831526B}.Release|Any CPU.Build.0 = Release|Any CPU
		{59748A82-73AD-41FC-B76D-BD7FAD055ED1}.Debug|Any CPU.ActiveCfg = Debug|Any CPU
		{59748A82-73AD-41FC-B76D-BD7FAD055ED1}.Debug|Any CPU.Build.0 = Debug|Any CPU
		{59748A82-73AD-41FC-B76D-BD7FAD055ED1}.Release|Any CPU.ActiveCfg = Release|Any CPU
		{59748A82-73AD-41FC-B76D-BD7FAD055ED1}.Release|Any CPU.Build.0 = Release|Any CPU
		{E95626AB-547F-4669-85C6-38FFEA65A009}.Debug|Any CPU.ActiveCfg = Debug|Any CPU
		{E95626AB-547F-4669-85C6-38FFEA65A009}.Debug|Any CPU.Build.0 = Debug|Any CPU
		{E95626AB-547F-4669-85C6-38FFEA65A009}.Release|Any CPU.ActiveCfg = Release|Any CPU
		{E95626AB-547F-4669-85C6-38FFEA65A009}.Release|Any CPU.Build.0 = Release|Any CPU
	EndGlobalSection
	GlobalSection(SolutionProperties) = preSolution
		HideSolutionNode = FALSE
	EndGlobalSection
EndGlobal
